
Microsoft Visual Studio Solution File, Format Version 12.00
# Visual Studio 15
VisualStudioVersion = 15.0.28010.2003
MinimumVisualStudioVersion = 10.0.40219.1
Project("{FAE04EC0-301F-11D3-BF4B-00C04F79EFBC}") = "CameraApp.Android", "CameraApp\CameraApp.Android\CameraApp.Android.csproj", "{1626272E-3EED-4E09-AF0B-A9C23FED3EFE}"
EndProject
Project("{FAE04EC0-301F-11D3-BF4B-00C04F79EFBC}") = "CameraApp.iOS", "CameraApp\CameraApp.iOS\CameraApp.iOS.csproj", "{E859F965-8A20-430C-B97C-B6EC7D406C59}"
EndProject
Project("{FAE04EC0-301F-11D3-BF4B-00C04F79EFBC}") = "CameraApp.UWP", "CameraApp\CameraApp.UWP\CameraApp.UWP.csproj", "{B636C7A5-DB9B-46C3-8566-BA15DDF0902D}"
EndProject
Project("{9A19103F-16F7-4668-BE54-9A1E7A4F7556}") = "CameraApp", "CameraApp\CameraApp\CameraApp.csproj", "{62F594A5-DAE1-4D7A-B6C0-CFD1BCA067A3}"
EndProject
Project("{FAE04EC0-301F-11D3-BF4B-00C04F79EFBC}") = "StorageService", "StorageService\StorageService.csproj", "{F8D58F45-C23B-4FAA-946A-ED005241ED8E}"
EndProject
Global
	GlobalSection(SolutionConfigurationPlatforms) = preSolution
		Ad-Hoc|Any CPU = Ad-Hoc|Any CPU
		Ad-Hoc|ARM = Ad-Hoc|ARM
		Ad-Hoc|iPhone = Ad-Hoc|iPhone
		Ad-Hoc|iPhoneSimulator = Ad-Hoc|iPhoneSimulator
		Ad-Hoc|x64 = Ad-Hoc|x64
		Ad-Hoc|x86 = Ad-Hoc|x86
		AppStore|Any CPU = AppStore|Any CPU
		AppStore|ARM = AppStore|ARM
		AppStore|iPhone = AppStore|iPhone
		AppStore|iPhoneSimulator = AppStore|iPhoneSimulator
		AppStore|x64 = AppStore|x64
		AppStore|x86 = AppStore|x86
		Debug|Any CPU = Debug|Any CPU
		Debug|ARM = Debug|ARM
		Debug|iPhone = Debug|iPhone
		Debug|iPhoneSimulator = Debug|iPhoneSimulator
		Debug|x64 = Debug|x64
		Debug|x86 = Debug|x86
		Release|Any CPU = Release|Any CPU
		Release|ARM = Release|ARM
		Release|iPhone = Release|iPhone
		Release|iPhoneSimulator = Release|iPhoneSimulator
		Release|x64 = Release|x64
		Release|x86 = Release|x86
	EndGlobalSection
	GlobalSection(ProjectConfigurationPlatforms) = postSolution
		{1626272E-3EED-4E09-AF0B-A9C23FED3EFE}.Ad-Hoc|Any CPU.ActiveCfg = Release|Any CPU
		{1626272E-3EED-4E09-AF0B-A9C23FED3EFE}.Ad-Hoc|Any CPU.Build.0 = Release|Any CPU
		{1626272E-3EED-4E09-AF0B-A9C23FED3EFE}.Ad-Hoc|Any CPU.Deploy.0 = Release|Any CPU
		{1626272E-3EED-4E09-AF0B-A9C23FED3EFE}.Ad-Hoc|ARM.ActiveCfg = Release|Any CPU
		{1626272E-3EED-4E09-AF0B-A9C23FED3EFE}.Ad-Hoc|ARM.Build.0 = Release|Any CPU
		{1626272E-3EED-4E09-AF0B-A9C23FED3EFE}.Ad-Hoc|ARM.Deploy.0 = Release|Any CPU
		{1626272E-3EED-4E09-AF0B-A9C23FED3EFE}.Ad-Hoc|iPhone.ActiveCfg = Release|Any CPU
		{1626272E-3EED-4E09-AF0B-A9C23FED3EFE}.Ad-Hoc|iPhone.Build.0 = Release|Any CPU
		{1626272E-3EED-4E09-AF0B-A9C23FED3EFE}.Ad-Hoc|iPhone.Deploy.0 = Release|Any CPU
		{1626272E-3EED-4E09-AF0B-A9C23FED3EFE}.Ad-Hoc|iPhoneSimulator.ActiveCfg = Release|Any CPU
		{1626272E-3EED-4E09-AF0B-A9C23FED3EFE}.Ad-Hoc|iPhoneSimulator.Build.0 = Release|Any CPU
		{1626272E-3EED-4E09-AF0B-A9C23FED3EFE}.Ad-Hoc|iPhoneSimulator.Deploy.0 = Release|Any CPU
		{1626272E-3EED-4E09-AF0B-A9C23FED3EFE}.Ad-Hoc|x64.ActiveCfg = Release|Any CPU
		{1626272E-3EED-4E09-AF0B-A9C23FED3EFE}.Ad-Hoc|x64.Build.0 = Release|Any CPU
		{1626272E-3EED-4E09-AF0B-A9C23FED3EFE}.Ad-Hoc|x64.Deploy.0 = Release|Any CPU
		{1626272E-3EED-4E09-AF0B-A9C23FED3EFE}.Ad-Hoc|x86.ActiveCfg = Release|Any CPU
		{1626272E-3EED-4E09-AF0B-A9C23FED3EFE}.Ad-Hoc|x86.Build.0 = Release|Any CPU
		{1626272E-3EED-4E09-AF0B-A9C23FED3EFE}.Ad-Hoc|x86.Deploy.0 = Release|Any CPU
		{1626272E-3EED-4E09-AF0B-A9C23FED3EFE}.AppStore|Any CPU.ActiveCfg = Release|Any CPU
		{1626272E-3EED-4E09-AF0B-A9C23FED3EFE}.AppStore|Any CPU.Build.0 = Release|Any CPU
		{1626272E-3EED-4E09-AF0B-A9C23FED3EFE}.AppStore|Any CPU.Deploy.0 = Release|Any CPU
		{1626272E-3EED-4E09-AF0B-A9C23FED3EFE}.AppStore|ARM.ActiveCfg = Release|Any CPU
		{1626272E-3EED-4E09-AF0B-A9C23FED3EFE}.AppStore|ARM.Build.0 = Release|Any CPU
		{1626272E-3EED-4E09-AF0B-A9C23FED3EFE}.AppStore|ARM.Deploy.0 = Release|Any CPU
		{1626272E-3EED-4E09-AF0B-A9C23FED3EFE}.AppStore|iPhone.ActiveCfg = Release|Any CPU
		{1626272E-3EED-4E09-AF0B-A9C23FED3EFE}.AppStore|iPhone.Build.0 = Release|Any CPU
		{1626272E-3EED-4E09-AF0B-A9C23FED3EFE}.AppStore|iPhone.Deploy.0 = Release|Any CPU
		{1626272E-3EED-4E09-AF0B-A9C23FED3EFE}.AppStore|iPhoneSimulator.ActiveCfg = Release|Any CPU
		{1626272E-3EED-4E09-AF0B-A9C23FED3EFE}.AppStore|iPhoneSimulator.Build.0 = Release|Any CPU
		{1626272E-3EED-4E09-AF0B-A9C23FED3EFE}.AppStore|iPhoneSimulator.Deploy.0 = Release|Any CPU
		{1626272E-3EED-4E09-AF0B-A9C23FED3EFE}.AppStore|x64.ActiveCfg = Release|Any CPU
		{1626272E-3EED-4E09-AF0B-A9C23FED3EFE}.AppStore|x64.Build.0 = Release|Any CPU
		{1626272E-3EED-4E09-AF0B-A9C23FED3EFE}.AppStore|x64.Deploy.0 = Release|Any CPU
		{1626272E-3EED-4E09-AF0B-A9C23FED3EFE}.AppStore|x86.ActiveCfg = Release|Any CPU
		{1626272E-3EED-4E09-AF0B-A9C23FED3EFE}.AppStore|x86.Build.0 = Release|Any CPU
		{1626272E-3EED-4E09-AF0B-A9C23FED3EFE}.AppStore|x86.Deploy.0 = Release|Any CPU
		{1626272E-3EED-4E09-AF0B-A9C23FED3EFE}.Debug|Any CPU.ActiveCfg = Debug|Any CPU
		{1626272E-3EED-4E09-AF0B-A9C23FED3EFE}.Debug|Any CPU.Build.0 = Debug|Any CPU
		{1626272E-3EED-4E09-AF0B-A9C23FED3EFE}.Debug|Any CPU.Deploy.0 = Debug|Any CPU
		{1626272E-3EED-4E09-AF0B-A9C23FED3EFE}.Debug|ARM.ActiveCfg = Debug|Any CPU
		{1626272E-3EED-4E09-AF0B-A9C23FED3EFE}.Debug|ARM.Build.0 = Debug|Any CPU
		{1626272E-3EED-4E09-AF0B-A9C23FED3EFE}.Debug|ARM.Deploy.0 = Debug|Any CPU
		{1626272E-3EED-4E09-AF0B-A9C23FED3EFE}.Debug|iPhone.ActiveCfg = Debug|Any CPU
		{1626272E-3EED-4E09-AF0B-A9C23FED3EFE}.Debug|iPhone.Build.0 = Debug|Any CPU
		{1626272E-3EED-4E09-AF0B-A9C23FED3EFE}.Debug|iPhone.Deploy.0 = Debug|Any CPU
		{1626272E-3EED-4E09-AF0B-A9C23FED3EFE}.Debug|iPhoneSimulator.ActiveCfg = Debug|Any CPU
		{1626272E-3EED-4E09-AF0B-A9C23FED3EFE}.Debug|iPhoneSimulator.Build.0 = Debug|Any CPU
		{1626272E-3EED-4E09-AF0B-A9C23FED3EFE}.Debug|iPhoneSimulator.Deploy.0 = Debug|Any CPU
		{1626272E-3EED-4E09-AF0B-A9C23FED3EFE}.Debug|x64.ActiveCfg = Debug|Any CPU
		{1626272E-3EED-4E09-AF0B-A9C23FED3EFE}.Debug|x64.Build.0 = Debug|Any CPU
		{1626272E-3EED-4E09-AF0B-A9C23FED3EFE}.Debug|x64.Deploy.0 = Debug|Any CPU
		{1626272E-3EED-4E09-AF0B-A9C23FED3EFE}.Debug|x86.ActiveCfg = Debug|Any CPU
		{1626272E-3EED-4E09-AF0B-A9C23FED3EFE}.Debug|x86.Build.0 = Debug|Any CPU
		{1626272E-3EED-4E09-AF0B-A9C23FED3EFE}.Debug|x86.Deploy.0 = Debug|Any CPU
		{1626272E-3EED-4E09-AF0B-A9C23FED3EFE}.Release|Any CPU.ActiveCfg = Release|Any CPU
		{1626272E-3EED-4E09-AF0B-A9C23FED3EFE}.Release|Any CPU.Build.0 = Release|Any CPU
		{1626272E-3EED-4E09-AF0B-A9C23FED3EFE}.Release|Any CPU.Deploy.0 = Release|Any CPU
		{1626272E-3EED-4E09-AF0B-A9C23FED3EFE}.Release|ARM.ActiveCfg = Release|Any CPU
		{1626272E-3EED-4E09-AF0B-A9C23FED3EFE}.Release|ARM.Build.0 = Release|Any CPU
		{1626272E-3EED-4E09-AF0B-A9C23FED3EFE}.Release|ARM.Deploy.0 = Release|Any CPU
		{1626272E-3EED-4E09-AF0B-A9C23FED3EFE}.Release|iPhone.ActiveCfg = Release|Any CPU
		{1626272E-3EED-4E09-AF0B-A9C23FED3EFE}.Release|iPhone.Build.0 = Release|Any CPU
		{1626272E-3EED-4E09-AF0B-A9C23FED3EFE}.Release|iPhone.Deploy.0 = Release|Any CPU
		{1626272E-3EED-4E09-AF0B-A9C23FED3EFE}.Release|iPhoneSimulator.ActiveCfg = Release|Any CPU
		{1626272E-3EED-4E09-AF0B-A9C23FED3EFE}.Release|iPhoneSimulator.Build.0 = Release|Any CPU
		{1626272E-3EED-4E09-AF0B-A9C23FED3EFE}.Release|iPhoneSimulator.Deploy.0 = Release|Any CPU
		{1626272E-3EED-4E09-AF0B-A9C23FED3EFE}.Release|x64.ActiveCfg = Release|Any CPU
		{1626272E-3EED-4E09-AF0B-A9C23FED3EFE}.Release|x64.Build.0 = Release|Any CPU
		{1626272E-3EED-4E09-AF0B-A9C23FED3EFE}.Release|x64.Deploy.0 = Release|Any CPU
		{1626272E-3EED-4E09-AF0B-A9C23FED3EFE}.Release|x86.ActiveCfg = Release|Any CPU
		{1626272E-3EED-4E09-AF0B-A9C23FED3EFE}.Release|x86.Build.0 = Release|Any CPU
		{1626272E-3EED-4E09-AF0B-A9C23FED3EFE}.Release|x86.Deploy.0 = Release|Any CPU
		{E859F965-8A20-430C-B97C-B6EC7D406C59}.Ad-Hoc|Any CPU.ActiveCfg = Ad-Hoc|iPhone
		{E859F965-8A20-430C-B97C-B6EC7D406C59}.Ad-Hoc|Any CPU.Build.0 = Ad-Hoc|iPhone
		{E859F965-8A20-430C-B97C-B6EC7D406C59}.Ad-Hoc|Any CPU.Deploy.0 = Ad-Hoc|iPhone
		{E859F965-8A20-430C-B97C-B6EC7D406C59}.Ad-Hoc|ARM.ActiveCfg = Ad-Hoc|iPhone
		{E859F965-8A20-430C-B97C-B6EC7D406C59}.Ad-Hoc|ARM.Build.0 = Ad-Hoc|iPhone
		{E859F965-8A20-430C-B97C-B6EC7D406C59}.Ad-Hoc|ARM.Deploy.0 = Ad-Hoc|iPhone
		{E859F965-8A20-430C-B97C-B6EC7D406C59}.Ad-Hoc|iPhone.ActiveCfg = Ad-Hoc|iPhone
		{E859F965-8A20-430C-B97C-B6EC7D406C59}.Ad-Hoc|iPhone.Build.0 = Ad-Hoc|iPhone
		{E859F965-8A20-430C-B97C-B6EC7D406C59}.Ad-Hoc|iPhone.Deploy.0 = Ad-Hoc|iPhone
		{E859F965-8A20-430C-B97C-B6EC7D406C59}.Ad-Hoc|iPhoneSimulator.ActiveCfg = Ad-Hoc|iPhoneSimulator
		{E859F965-8A20-430C-B97C-B6EC7D406C59}.Ad-Hoc|iPhoneSimulator.Build.0 = Ad-Hoc|iPhoneSimulator
		{E859F965-8A20-430C-B97C-B6EC7D406C59}.Ad-Hoc|iPhoneSimulator.Deploy.0 = Ad-Hoc|iPhoneSimulator
		{E859F965-8A20-430C-B97C-B6EC7D406C59}.Ad-Hoc|x64.ActiveCfg = Ad-Hoc|iPhone
		{E859F965-8A20-430C-B97C-B6EC7D406C59}.Ad-Hoc|x64.Build.0 = Ad-Hoc|iPhone
		{E859F965-8A20-430C-B97C-B6EC7D406C59}.Ad-Hoc|x64.Deploy.0 = Ad-Hoc|iPhone
		{E859F965-8A20-430C-B97C-B6EC7D406C59}.Ad-Hoc|x86.ActiveCfg = Ad-Hoc|iPhone
		{E859F965-8A20-430C-B97C-B6EC7D406C59}.Ad-Hoc|x86.Build.0 = Ad-Hoc|iPhone
		{E859F965-8A20-430C-B97C-B6EC7D406C59}.Ad-Hoc|x86.Deploy.0 = Ad-Hoc|iPhone
		{E859F965-8A20-430C-B97C-B6EC7D406C59}.AppStore|Any CPU.ActiveCfg = AppStore|iPhone
		{E859F965-8A20-430C-B97C-B6EC7D406C59}.AppStore|Any CPU.Build.0 = AppStore|iPhone
		{E859F965-8A20-430C-B97C-B6EC7D406C59}.AppStore|Any CPU.Deploy.0 = AppStore|iPhone
		{E859F965-8A20-430C-B97C-B6EC7D406C59}.AppStore|ARM.ActiveCfg = AppStore|iPhone
		{E859F965-8A20-430C-B97C-B6EC7D406C59}.AppStore|ARM.Build.0 = AppStore|iPhone
		{E859F965-8A20-430C-B97C-B6EC7D406C59}.AppStore|ARM.Deploy.0 = AppStore|iPhone
		{E859F965-8A20-430C-B97C-B6EC7D406C59}.AppStore|iPhone.ActiveCfg = AppStore|iPhone
		{E859F965-8A20-430C-B97C-B6EC7D406C59}.AppStore|iPhone.Build.0 = AppStore|iPhone
		{E859F965-8A20-430C-B97C-B6EC7D406C59}.AppStore|iPhone.Deploy.0 = AppStore|iPhone
		{E859F965-8A20-430C-B97C-B6EC7D406C59}.AppStore|iPhoneSimulator.ActiveCfg = AppStore|iPhoneSimulator
		{E859F965-8A20-430C-B97C-B6EC7D406C59}.AppStore|iPhoneSimulator.Build.0 = AppStore|iPhoneSimulator
		{E859F965-8A20-430C-B97C-B6EC7D406C59}.AppStore|iPhoneSimulator.Deploy.0 = AppStore|iPhoneSimulator
		{E859F965-8A20-430C-B97C-B6EC7D406C59}.AppStore|x64.ActiveCfg = AppStore|iPhone
		{E859F965-8A20-430C-B97C-B6EC7D406C59}.AppStore|x64.Build.0 = AppStore|iPhone
		{E859F965-8A20-430C-B97C-B6EC7D406C59}.AppStore|x64.Deploy.0 = AppStore|iPhone
		{E859F965-8A20-430C-B97C-B6EC7D406C59}.AppStore|x86.ActiveCfg = AppStore|iPhone
		{E859F965-8A20-430C-B97C-B6EC7D406C59}.AppStore|x86.Build.0 = AppStore|iPhone
		{E859F965-8A20-430C-B97C-B6EC7D406C59}.AppStore|x86.Deploy.0 = AppStore|iPhone
		{E859F965-8A20-430C-B97C-B6EC7D406C59}.Debug|Any CPU.ActiveCfg = Debug|iPhoneSimulator
		{E859F965-8A20-430C-B97C-B6EC7D406C59}.Debug|Any CPU.Build.0 = Debug|iPhoneSimulator
		{E859F965-8A20-430C-B97C-B6EC7D406C59}.Debug|Any CPU.Deploy.0 = Debug|iPhoneSimulator
		{E859F965-8A20-430C-B97C-B6EC7D406C59}.Debug|ARM.ActiveCfg = Debug|iPhone
		{E859F965-8A20-430C-B97C-B6EC7D406C59}.Debug|ARM.Build.0 = Debug|iPhone
		{E859F965-8A20-430C-B97C-B6EC7D406C59}.Debug|ARM.Deploy.0 = Debug|iPhone
		{E859F965-8A20-430C-B97C-B6EC7D406C59}.Debug|iPhone.ActiveCfg = Debug|iPhone
		{E859F965-8A20-430C-B97C-B6EC7D406C59}.Debug|iPhone.Build.0 = Debug|iPhone
		{E859F965-8A20-430C-B97C-B6EC7D406C59}.Debug|iPhone.Deploy.0 = Debug|iPhone
		{E859F965-8A20-430C-B97C-B6EC7D406C59}.Debug|iPhoneSimulator.ActiveCfg = Debug|iPhoneSimulator
		{E859F965-8A20-430C-B97C-B6EC7D406C59}.Debug|iPhoneSimulator.Build.0 = Debug|iPhoneSimulator
		{E859F965-8A20-430C-B97C-B6EC7D406C59}.Debug|iPhoneSimulator.Deploy.0 = Debug|iPhoneSimulator
		{E859F965-8A20-430C-B97C-B6EC7D406C59}.Debug|x64.ActiveCfg = Debug|iPhone
		{E859F965-8A20-430C-B97C-B6EC7D406C59}.Debug|x64.Build.0 = Debug|iPhone
		{E859F965-8A20-430C-B97C-B6EC7D406C59}.Debug|x64.Deploy.0 = Debug|iPhone
		{E859F965-8A20-430C-B97C-B6EC7D406C59}.Debug|x86.ActiveCfg = Debug|iPhone
		{E859F965-8A20-430C-B97C-B6EC7D406C59}.Debug|x86.Build.0 = Debug|iPhone
		{E859F965-8A20-430C-B97C-B6EC7D406C59}.Debug|x86.Deploy.0 = Debug|iPhone
		{E859F965-8A20-430C-B97C-B6EC7D406C59}.Release|Any CPU.ActiveCfg = Release|iPhone
		{E859F965-8A20-430C-B97C-B6EC7D406C59}.Release|Any CPU.Build.0 = Release|iPhone
		{E859F965-8A20-430C-B97C-B6EC7D406C59}.Release|Any CPU.Deploy.0 = Release|iPhone
		{E859F965-8A20-430C-B97C-B6EC7D406C59}.Release|ARM.ActiveCfg = Release|iPhone
		{E859F965-8A20-430C-B97C-B6EC7D406C59}.Release|ARM.Build.0 = Release|iPhone
		{E859F965-8A20-430C-B97C-B6EC7D406C59}.Release|ARM.Deploy.0 = Release|iPhone
		{E859F965-8A20-430C-B97C-B6EC7D406C59}.Release|iPhone.ActiveCfg = Release|iPhone
		{E859F965-8A20-430C-B97C-B6EC7D406C59}.Release|iPhone.Build.0 = Release|iPhone
		{E859F965-8A20-430C-B97C-B6EC7D406C59}.Release|iPhone.Deploy.0 = Release|iPhone
		{E859F965-8A20-430C-B97C-B6EC7D406C59}.Release|iPhoneSimulator.ActiveCfg = Release|iPhoneSimulator
		{E859F965-8A20-430C-B97C-B6EC7D406C59}.Release|iPhoneSimulator.Build.0 = Release|iPhoneSimulator
		{E859F965-8A20-430C-B97C-B6EC7D406C59}.Release|iPhoneSimulator.Deploy.0 = Release|iPhoneSimulator
		{E859F965-8A20-430C-B97C-B6EC7D406C59}.Release|x64.ActiveCfg = Release|iPhone
		{E859F965-8A20-430C-B97C-B6EC7D406C59}.Release|x64.Build.0 = Release|iPhone
		{E859F965-8A20-430C-B97C-B6EC7D406C59}.Release|x64.Deploy.0 = Release|iPhone
		{E859F965-8A20-430C-B97C-B6EC7D406C59}.Release|x86.ActiveCfg = Release|iPhone
		{E859F965-8A20-430C-B97C-B6EC7D406C59}.Release|x86.Build.0 = Release|iPhone
		{E859F965-8A20-430C-B97C-B6EC7D406C59}.Release|x86.Deploy.0 = Release|iPhone
		{B636C7A5-DB9B-46C3-8566-BA15DDF0902D}.Ad-Hoc|Any CPU.ActiveCfg = Release|x86
		{B636C7A5-DB9B-46C3-8566-BA15DDF0902D}.Ad-Hoc|Any CPU.Build.0 = Release|x86
		{B636C7A5-DB9B-46C3-8566-BA15DDF0902D}.Ad-Hoc|Any CPU.Deploy.0 = Release|x86
		{B636C7A5-DB9B-46C3-8566-BA15DDF0902D}.Ad-Hoc|ARM.ActiveCfg = Release|ARM
		{B636C7A5-DB9B-46C3-8566-BA15DDF0902D}.Ad-Hoc|ARM.Build.0 = Release|ARM
		{B636C7A5-DB9B-46C3-8566-BA15DDF0902D}.Ad-Hoc|ARM.Deploy.0 = Release|ARM
		{B636C7A5-DB9B-46C3-8566-BA15DDF0902D}.Ad-Hoc|iPhone.ActiveCfg = Release|x86
		{B636C7A5-DB9B-46C3-8566-BA15DDF0902D}.Ad-Hoc|iPhone.Build.0 = Release|x86
		{B636C7A5-DB9B-46C3-8566-BA15DDF0902D}.Ad-Hoc|iPhone.Deploy.0 = Release|x86
		{B636C7A5-DB9B-46C3-8566-BA15DDF0902D}.Ad-Hoc|iPhoneSimulator.ActiveCfg = Release|x86
		{B636C7A5-DB9B-46C3-8566-BA15DDF0902D}.Ad-Hoc|iPhoneSimulator.Build.0 = Release|x86
		{B636C7A5-DB9B-46C3-8566-BA15DDF0902D}.Ad-Hoc|iPhoneSimulator.Deploy.0 = Release|x86
		{B636C7A5-DB9B-46C3-8566-BA15DDF0902D}.Ad-Hoc|x64.ActiveCfg = Release|x64
		{B636C7A5-DB9B-46C3-8566-BA15DDF0902D}.Ad-Hoc|x64.Build.0 = Release|x64
		{B636C7A5-DB9B-46C3-8566-BA15DDF0902D}.Ad-Hoc|x64.Deploy.0 = Release|x64
		{B636C7A5-DB9B-46C3-8566-BA15DDF0902D}.Ad-Hoc|x86.ActiveCfg = Release|x86
		{B636C7A5-DB9B-46C3-8566-BA15DDF0902D}.Ad-Hoc|x86.Build.0 = Release|x86
		{B636C7A5-DB9B-46C3-8566-BA15DDF0902D}.Ad-Hoc|x86.Deploy.0 = Release|x86
		{B636C7A5-DB9B-46C3-8566-BA15DDF0902D}.AppStore|Any CPU.ActiveCfg = Release|x86
		{B636C7A5-DB9B-46C3-8566-BA15DDF0902D}.AppStore|Any CPU.Build.0 = Release|x86
		{B636C7A5-DB9B-46C3-8566-BA15DDF0902D}.AppStore|Any CPU.Deploy.0 = Release|x86
		{B636C7A5-DB9B-46C3-8566-BA15DDF0902D}.AppStore|ARM.ActiveCfg = Release|ARM
		{B636C7A5-DB9B-46C3-8566-BA15DDF0902D}.AppStore|ARM.Build.0 = Release|ARM
		{B636C7A5-DB9B-46C3-8566-BA15DDF0902D}.AppStore|ARM.Deploy.0 = Release|ARM
		{B636C7A5-DB9B-46C3-8566-BA15DDF0902D}.AppStore|iPhone.ActiveCfg = Release|x86
		{B636C7A5-DB9B-46C3-8566-BA15DDF0902D}.AppStore|iPhone.Build.0 = Release|x86
		{B636C7A5-DB9B-46C3-8566-BA15DDF0902D}.AppStore|iPhone.Deploy.0 = Release|x86
		{B636C7A5-DB9B-46C3-8566-BA15DDF0902D}.AppStore|iPhoneSimulator.ActiveCfg = Release|x86
		{B636C7A5-DB9B-46C3-8566-BA15DDF0902D}.AppStore|iPhoneSimulator.Build.0 = Release|x86
		{B636C7A5-DB9B-46C3-8566-BA15DDF0902D}.AppStore|iPhoneSimulator.Deploy.0 = Release|x86
		{B636C7A5-DB9B-46C3-8566-BA15DDF0902D}.AppStore|x64.ActiveCfg = Release|x64
		{B636C7A5-DB9B-46C3-8566-BA15DDF0902D}.AppStore|x64.Build.0 = Release|x64
		{B636C7A5-DB9B-46C3-8566-BA15DDF0902D}.AppStore|x64.Deploy.0 = Release|x64
		{B636C7A5-DB9B-46C3-8566-BA15DDF0902D}.AppStore|x86.ActiveCfg = Release|x86
		{B636C7A5-DB9B-46C3-8566-BA15DDF0902D}.AppStore|x86.Build.0 = Release|x86
		{B636C7A5-DB9B-46C3-8566-BA15DDF0902D}.AppStore|x86.Deploy.0 = Release|x86
		{B636C7A5-DB9B-46C3-8566-BA15DDF0902D}.Debug|Any CPU.ActiveCfg = Debug|x86
		{B636C7A5-DB9B-46C3-8566-BA15DDF0902D}.Debug|Any CPU.Build.0 = Debug|x86
		{B636C7A5-DB9B-46C3-8566-BA15DDF0902D}.Debug|Any CPU.Deploy.0 = Debug|x86
		{B636C7A5-DB9B-46C3-8566-BA15DDF0902D}.Debug|ARM.ActiveCfg = Debug|ARM
		{B636C7A5-DB9B-46C3-8566-BA15DDF0902D}.Debug|ARM.Build.0 = Debug|ARM
		{B636C7A5-DB9B-46C3-8566-BA15DDF0902D}.Debug|ARM.Deploy.0 = Debug|ARM
		{B636C7A5-DB9B-46C3-8566-BA15DDF0902D}.Debug|iPhone.ActiveCfg = Debug|x86
		{B636C7A5-DB9B-46C3-8566-BA15DDF0902D}.Debug|iPhone.Build.0 = Debug|x86
		{B636C7A5-DB9B-46C3-8566-BA15DDF0902D}.Debug|iPhone.Deploy.0 = Debug|x86
		{B636C7A5-DB9B-46C3-8566-BA15DDF0902D}.Debug|iPhoneSimulator.ActiveCfg = Debug|x86
		{B636C7A5-DB9B-46C3-8566-BA15DDF0902D}.Debug|iPhoneSimulator.Build.0 = Debug|x86
		{B636C7A5-DB9B-46C3-8566-BA15DDF0902D}.Debug|iPhoneSimulator.Deploy.0 = Debug|x86
		{B636C7A5-DB9B-46C3-8566-BA15DDF0902D}.Debug|x64.ActiveCfg = Debug|x64
		{B636C7A5-DB9B-46C3-8566-BA15DDF0902D}.Debug|x64.Build.0 = Debug|x64
		{B636C7A5-DB9B-46C3-8566-BA15DDF0902D}.Debug|x64.Deploy.0 = Debug|x64
		{B636C7A5-DB9B-46C3-8566-BA15DDF0902D}.Debug|x86.ActiveCfg = Debug|x86
		{B636C7A5-DB9B-46C3-8566-BA15DDF0902D}.Debug|x86.Build.0 = Debug|x86
		{B636C7A5-DB9B-46C3-8566-BA15DDF0902D}.Debug|x86.Deploy.0 = Debug|x86
		{B636C7A5-DB9B-46C3-8566-BA15DDF0902D}.Release|Any CPU.ActiveCfg = Release|x86
		{B636C7A5-DB9B-46C3-8566-BA15DDF0902D}.Release|Any CPU.Build.0 = Release|x86
		{B636C7A5-DB9B-46C3-8566-BA15DDF0902D}.Release|Any CPU.Deploy.0 = Release|x86
		{B636C7A5-DB9B-46C3-8566-BA15DDF0902D}.Release|ARM.ActiveCfg = Release|ARM
		{B636C7A5-DB9B-46C3-8566-BA15DDF0902D}.Release|ARM.Build.0 = Release|ARM
		{B636C7A5-DB9B-46C3-8566-BA15DDF0902D}.Release|ARM.Deploy.0 = Release|ARM
		{B636C7A5-DB9B-46C3-8566-BA15DDF0902D}.Release|iPhone.ActiveCfg = Release|x86
		{B636C7A5-DB9B-46C3-8566-BA15DDF0902D}.Release|iPhone.Build.0 = Release|x86
		{B636C7A5-DB9B-46C3-8566-BA15DDF0902D}.Release|iPhone.Deploy.0 = Release|x86
		{B636C7A5-DB9B-46C3-8566-BA15DDF0902D}.Release|iPhoneSimulator.ActiveCfg = Release|x86
		{B636C7A5-DB9B-46C3-8566-BA15DDF0902D}.Release|iPhoneSimulator.Build.0 = Release|x86
		{B636C7A5-DB9B-46C3-8566-BA15DDF0902D}.Release|iPhoneSimulator.Deploy.0 = Release|x86
		{B636C7A5-DB9B-46C3-8566-BA15DDF0902D}.Release|x64.ActiveCfg = Release|x64
		{B636C7A5-DB9B-46C3-8566-BA15DDF0902D}.Release|x64.Build.0 = Release|x64
		{B636C7A5-DB9B-46C3-8566-BA15DDF0902D}.Release|x64.Deploy.0 = Release|x64
		{B636C7A5-DB9B-46C3-8566-BA15DDF0902D}.Release|x86.ActiveCfg = Release|x86
		{B636C7A5-DB9B-46C3-8566-BA15DDF0902D}.Release|x86.Build.0 = Release|x86
		{B636C7A5-DB9B-46C3-8566-BA15DDF0902D}.Release|x86.Deploy.0 = Release|x86
		{62F594A5-DAE1-4D7A-B6C0-CFD1BCA067A3}.Ad-Hoc|Any CPU.ActiveCfg = Debug|Any CPU
		{62F594A5-DAE1-4D7A-B6C0-CFD1BCA067A3}.Ad-Hoc|Any CPU.Build.0 = Debug|Any CPU
		{62F594A5-DAE1-4D7A-B6C0-CFD1BCA067A3}.Ad-Hoc|Any CPU.Deploy.0 = Debug|Any CPU
		{62F594A5-DAE1-4D7A-B6C0-CFD1BCA067A3}.Ad-Hoc|ARM.ActiveCfg = Debug|Any CPU
		{62F594A5-DAE1-4D7A-B6C0-CFD1BCA067A3}.Ad-Hoc|ARM.Build.0 = Debug|Any CPU
		{62F594A5-DAE1-4D7A-B6C0-CFD1BCA067A3}.Ad-Hoc|ARM.Deploy.0 = Debug|Any CPU
		{62F594A5-DAE1-4D7A-B6C0-CFD1BCA067A3}.Ad-Hoc|iPhone.ActiveCfg = Debug|Any CPU
		{62F594A5-DAE1-4D7A-B6C0-CFD1BCA067A3}.Ad-Hoc|iPhone.Build.0 = Debug|Any CPU
		{62F594A5-DAE1-4D7A-B6C0-CFD1BCA067A3}.Ad-Hoc|iPhone.Deploy.0 = Debug|Any CPU
		{62F594A5-DAE1-4D7A-B6C0-CFD1BCA067A3}.Ad-Hoc|iPhoneSimulator.ActiveCfg = Debug|Any CPU
		{62F594A5-DAE1-4D7A-B6C0-CFD1BCA067A3}.Ad-Hoc|iPhoneSimulator.Build.0 = Debug|Any CPU
		{62F594A5-DAE1-4D7A-B6C0-CFD1BCA067A3}.Ad-Hoc|iPhoneSimulator.Deploy.0 = Debug|Any CPU
		{62F594A5-DAE1-4D7A-B6C0-CFD1BCA067A3}.Ad-Hoc|x64.ActiveCfg = Debug|Any CPU
		{62F594A5-DAE1-4D7A-B6C0-CFD1BCA067A3}.Ad-Hoc|x64.Build.0 = Debug|Any CPU
		{62F594A5-DAE1-4D7A-B6C0-CFD1BCA067A3}.Ad-Hoc|x64.Deploy.0 = Debug|Any CPU
		{62F594A5-DAE1-4D7A-B6C0-CFD1BCA067A3}.Ad-Hoc|x86.ActiveCfg = Debug|Any CPU
		{62F594A5-DAE1-4D7A-B6C0-CFD1BCA067A3}.Ad-Hoc|x86.Build.0 = Debug|Any CPU
		{62F594A5-DAE1-4D7A-B6C0-CFD1BCA067A3}.Ad-Hoc|x86.Deploy.0 = Debug|Any CPU
		{62F594A5-DAE1-4D7A-B6C0-CFD1BCA067A3}.AppStore|Any CPU.ActiveCfg = Debug|Any CPU
		{62F594A5-DAE1-4D7A-B6C0-CFD1BCA067A3}.AppStore|Any CPU.Build.0 = Debug|Any CPU
		{62F594A5-DAE1-4D7A-B6C0-CFD1BCA067A3}.AppStore|Any CPU.Deploy.0 = Debug|Any CPU
		{62F594A5-DAE1-4D7A-B6C0-CFD1BCA067A3}.AppStore|ARM.ActiveCfg = Debug|Any CPU
		{62F594A5-DAE1-4D7A-B6C0-CFD1BCA067A3}.AppStore|ARM.Build.0 = Debug|Any CPU
		{62F594A5-DAE1-4D7A-B6C0-CFD1BCA067A3}.AppStore|ARM.Deploy.0 = Debug|Any CPU
		{62F594A5-DAE1-4D7A-B6C0-CFD1BCA067A3}.AppStore|iPhone.ActiveCfg = Debug|Any CPU
		{62F594A5-DAE1-4D7A-B6C0-CFD1BCA067A3}.AppStore|iPhone.Build.0 = Debug|Any CPU
		{62F594A5-DAE1-4D7A-B6C0-CFD1BCA067A3}.AppStore|iPhone.Deploy.0 = Debug|Any CPU
		{62F594A5-DAE1-4D7A-B6C0-CFD1BCA067A3}.AppStore|iPhoneSimulator.ActiveCfg = Debug|Any CPU
		{62F594A5-DAE1-4D7A-B6C0-CFD1BCA067A3}.AppStore|iPhoneSimulator.Build.0 = Debug|Any CPU
		{62F594A5-DAE1-4D7A-B6C0-CFD1BCA067A3}.AppStore|iPhoneSimulator.Deploy.0 = Debug|Any CPU
		{62F594A5-DAE1-4D7A-B6C0-CFD1BCA067A3}.AppStore|x64.ActiveCfg = Debug|Any CPU
		{62F594A5-DAE1-4D7A-B6C0-CFD1BCA067A3}.AppStore|x64.Build.0 = Debug|Any CPU
		{62F594A5-DAE1-4D7A-B6C0-CFD1BCA067A3}.AppStore|x64.Deploy.0 = Debug|Any CPU
		{62F594A5-DAE1-4D7A-B6C0-CFD1BCA067A3}.AppStore|x86.ActiveCfg = Debug|Any CPU
		{62F594A5-DAE1-4D7A-B6C0-CFD1BCA067A3}.AppStore|x86.Build.0 = Debug|Any CPU
		{62F594A5-DAE1-4D7A-B6C0-CFD1BCA067A3}.AppStore|x86.Deploy.0 = Debug|Any CPU
		{62F594A5-DAE1-4D7A-B6C0-CFD1BCA067A3}.Debug|Any CPU.ActiveCfg = Debug|Any CPU
		{62F594A5-DAE1-4D7A-B6C0-CFD1BCA067A3}.Debug|Any CPU.Build.0 = Debug|Any CPU
		{62F594A5-DAE1-4D7A-B6C0-CFD1BCA067A3}.Debug|Any CPU.Deploy.0 = Debug|Any CPU
		{62F594A5-DAE1-4D7A-B6C0-CFD1BCA067A3}.Debug|ARM.ActiveCfg = Debug|Any CPU
		{62F594A5-DAE1-4D7A-B6C0-CFD1BCA067A3}.Debug|ARM.Build.0 = Debug|Any CPU
		{62F594A5-DAE1-4D7A-B6C0-CFD1BCA067A3}.Debug|ARM.Deploy.0 = Debug|Any CPU
		{62F594A5-DAE1-4D7A-B6C0-CFD1BCA067A3}.Debug|iPhone.ActiveCfg = Debug|Any CPU
		{62F594A5-DAE1-4D7A-B6C0-CFD1BCA067A3}.Debug|iPhone.Build.0 = Debug|Any CPU
		{62F594A5-DAE1-4D7A-B6C0-CFD1BCA067A3}.Debug|iPhone.Deploy.0 = Debug|Any CPU
		{62F594A5-DAE1-4D7A-B6C0-CFD1BCA067A3}.Debug|iPhoneSimulator.ActiveCfg = Debug|Any CPU
		{62F594A5-DAE1-4D7A-B6C0-CFD1BCA067A3}.Debug|iPhoneSimulator.Build.0 = Debug|Any CPU
		{62F594A5-DAE1-4D7A-B6C0-CFD1BCA067A3}.Debug|iPhoneSimulator.Deploy.0 = Debug|Any CPU
		{62F594A5-DAE1-4D7A-B6C0-CFD1BCA067A3}.Debug|x64.ActiveCfg = Debug|Any CPU
		{62F594A5-DAE1-4D7A-B6C0-CFD1BCA067A3}.Debug|x64.Build.0 = Debug|Any CPU
		{62F594A5-DAE1-4D7A-B6C0-CFD1BCA067A3}.Debug|x64.Deploy.0 = Debug|Any CPU
		{62F594A5-DAE1-4D7A-B6C0-CFD1BCA067A3}.Debug|x86.ActiveCfg = Debug|Any CPU
		{62F594A5-DAE1-4D7A-B6C0-CFD1BCA067A3}.Debug|x86.Build.0 = Debug|Any CPU
		{62F594A5-DAE1-4D7A-B6C0-CFD1BCA067A3}.Debug|x86.Deploy.0 = Debug|Any CPU
		{62F594A5-DAE1-4D7A-B6C0-CFD1BCA067A3}.Release|Any CPU.ActiveCfg = Release|Any CPU
		{62F594A5-DAE1-4D7A-B6C0-CFD1BCA067A3}.Release|Any CPU.Build.0 = Release|Any CPU
		{62F594A5-DAE1-4D7A-B6C0-CFD1BCA067A3}.Release|Any CPU.Deploy.0 = Release|Any CPU
		{62F594A5-DAE1-4D7A-B6C0-CFD1BCA067A3}.Release|ARM.ActiveCfg = Release|Any CPU
		{62F594A5-DAE1-4D7A-B6C0-CFD1BCA067A3}.Release|ARM.Build.0 = Release|Any CPU
		{62F594A5-DAE1-4D7A-B6C0-CFD1BCA067A3}.Release|ARM.Deploy.0 = Release|Any CPU
		{62F594A5-DAE1-4D7A-B6C0-CFD1BCA067A3}.Release|iPhone.ActiveCfg = Release|Any CPU
		{62F594A5-DAE1-4D7A-B6C0-CFD1BCA067A3}.Release|iPhone.Build.0 = Release|Any CPU
		{62F594A5-DAE1-4D7A-B6C0-CFD1BCA067A3}.Release|iPhone.Deploy.0 = Release|Any CPU
		{62F594A5-DAE1-4D7A-B6C0-CFD1BCA067A3}.Release|iPhoneSimulator.ActiveCfg = Release|Any CPU
		{62F594A5-DAE1-4D7A-B6C0-CFD1BCA067A3}.Release|iPhoneSimulator.Build.0 = Release|Any CPU
		{62F594A5-DAE1-4D7A-B6C0-CFD1BCA067A3}.Release|iPhoneSimulator.Deploy.0 = Release|Any CPU
		{62F594A5-DAE1-4D7A-B6C0-CFD1BCA067A3}.Release|x64.ActiveCfg = Release|Any CPU
		{62F594A5-DAE1-4D7A-B6C0-CFD1BCA067A3}.Release|x64.Build.0 = Release|Any CPU
		{62F594A5-DAE1-4D7A-B6C0-CFD1BCA067A3}.Release|x64.Deploy.0 = Release|Any CPU
		{62F594A5-DAE1-4D7A-B6C0-CFD1BCA067A3}.Release|x86.ActiveCfg = Release|Any CPU
		{62F594A5-DAE1-4D7A-B6C0-CFD1BCA067A3}.Release|x86.Build.0 = Release|Any CPU
		{62F594A5-DAE1-4D7A-B6C0-CFD1BCA067A3}.Release|x86.Deploy.0 = Release|Any CPU
		{F8D58F45-C23B-4FAA-946A-ED005241ED8E}.Ad-Hoc|Any CPU.ActiveCfg = Debug|Any CPU
		{F8D58F45-C23B-4FAA-946A-ED005241ED8E}.Ad-Hoc|Any CPU.Build.0 = Debug|Any CPU
		{F8D58F45-C23B-4FAA-946A-ED005241ED8E}.Ad-Hoc|ARM.ActiveCfg = Debug|Any CPU
		{F8D58F45-C23B-4FAA-946A-ED005241ED8E}.Ad-Hoc|ARM.Build.0 = Debug|Any CPU
		{F8D58F45-C23B-4FAA-946A-ED005241ED8E}.Ad-Hoc|iPhone.ActiveCfg = Debug|Any CPU
		{F8D58F45-C23B-4FAA-946A-ED005241ED8E}.Ad-Hoc|iPhone.Build.0 = Debug|Any CPU
		{F8D58F45-C23B-4FAA-946A-ED005241ED8E}.Ad-Hoc|iPhoneSimulator.ActiveCfg = Debug|Any CPU
		{F8D58F45-C23B-4FAA-946A-ED005241ED8E}.Ad-Hoc|iPhoneSimulator.Build.0 = Debug|Any CPU
		{F8D58F45-C23B-4FAA-946A-ED005241ED8E}.Ad-Hoc|x64.ActiveCfg = Debug|Any CPU
		{F8D58F45-C23B-4FAA-946A-ED005241ED8E}.Ad-Hoc|x64.Build.0 = Debug|Any CPU
		{F8D58F45-C23B-4FAA-946A-ED005241ED8E}.Ad-Hoc|x86.ActiveCfg = Debug|Any CPU
		{F8D58F45-C23B-4FAA-946A-ED005241ED8E}.Ad-Hoc|x86.Build.0 = Debug|Any CPU
		{F8D58F45-C23B-4FAA-946A-ED005241ED8E}.AppStore|Any CPU.ActiveCfg = Debug|Any CPU
		{F8D58F45-C23B-4FAA-946A-ED005241ED8E}.AppStore|Any CPU.Build.0 = Debug|Any CPU
		{F8D58F45-C23B-4FAA-946A-ED005241ED8E}.AppStore|ARM.ActiveCfg = Debug|Any CPU
		{F8D58F45-C23B-4FAA-946A-ED005241ED8E}.AppStore|ARM.Build.0 = Debug|Any CPU
		{F8D58F45-C23B-4FAA-946A-ED005241ED8E}.AppStore|iPhone.ActiveCfg = Debug|Any CPU
		{F8D58F45-C23B-4FAA-946A-ED005241ED8E}.AppStore|iPhone.Build.0 = Debug|Any CPU
		{F8D58F45-C23B-4FAA-946A-ED005241ED8E}.AppStore|iPhoneSimulator.ActiveCfg = Debug|Any CPU
		{F8D58F45-C23B-4FAA-946A-ED005241ED8E}.AppStore|iPhoneSimulator.Build.0 = Debug|Any CPU
		{F8D58F45-C23B-4FAA-946A-ED005241ED8E}.AppStore|x64.ActiveCfg = Debug|Any CPU
		{F8D58F45-C23B-4FAA-946A-ED005241ED8E}.AppStore|x64.Build.0 = Debug|Any CPU
		{F8D58F45-C23B-4FAA-946A-ED005241ED8E}.AppStore|x86.ActiveCfg = Debug|Any CPU
		{F8D58F45-C23B-4FAA-946A-ED005241ED8E}.AppStore|x86.Build.0 = Debug|Any CPU
		{F8D58F45-C23B-4FAA-946A-ED005241ED8E}.Debug|Any CPU.ActiveCfg = Debug|Any CPU
		{F8D58F45-C23B-4FAA-946A-ED005241ED8E}.Debug|Any CPU.Build.0 = Debug|Any CPU
		{F8D58F45-C23B-4FAA-946A-ED005241ED8E}.Debug|ARM.ActiveCfg = Debug|Any CPU
		{F8D58F45-C23B-4FAA-946A-ED005241ED8E}.Debug|ARM.Build.0 = Debug|Any CPU
		{F8D58F45-C23B-4FAA-946A-ED005241ED8E}.Debug|iPhone.ActiveCfg = Debug|Any CPU
		{F8D58F45-C23B-4FAA-946A-ED005241ED8E}.Debug|iPhone.Build.0 = Debug|Any CPU
		{F8D58F45-C23B-4FAA-946A-ED005241ED8E}.Debug|iPhoneSimulator.ActiveCfg = Debug|Any CPU
		{F8D58F45-C23B-4FAA-946A-ED005241ED8E}.Debug|iPhoneSimulator.Build.0 = Debug|Any CPU
		{F8D58F45-C23B-4FAA-946A-ED005241ED8E}.Debug|x64.ActiveCfg = Debug|Any CPU
		{F8D58F45-C23B-4FAA-946A-ED005241ED8E}.Debug|x64.Build.0 = Debug|Any CPU
		{F8D58F45-C23B-4FAA-946A-ED005241ED8E}.Debug|x86.ActiveCfg = Debug|Any CPU
		{F8D58F45-C23B-4FAA-946A-ED005241ED8E}.Debug|x86.Build.0 = Debug|Any CPU
		{F8D58F45-C23B-4FAA-946A-ED005241ED8E}.Release|Any CPU.ActiveCfg = Release|Any CPU
		{F8D58F45-C23B-4FAA-946A-ED005241ED8E}.Release|Any CPU.Build.0 = Release|Any CPU
		{F8D58F45-C23B-4FAA-946A-ED005241ED8E}.Release|ARM.ActiveCfg = Release|Any CPU
		{F8D58F45-C23B-4FAA-946A-ED005241ED8E}.Release|ARM.Build.0 = Release|Any CPU
		{F8D58F45-C23B-4FAA-946A-ED005241ED8E}.Release|iPhone.ActiveCfg = Release|Any CPU
		{F8D58F45-C23B-4FAA-946A-ED005241ED8E}.Release|iPhone.Build.0 = Release|Any CPU
		{F8D58F45-C23B-4FAA-946A-ED005241ED8E}.Release|iPhoneSimulator.ActiveCfg = Release|Any CPU
		{F8D58F45-C23B-4FAA-946A-ED005241ED8E}.Release|iPhoneSimulator.Build.0 = Release|Any CPU
		{F8D58F45-C23B-4FAA-946A-ED005241ED8E}.Release|x64.ActiveCfg = Release|Any CPU
		{F8D58F45-C23B-4FAA-946A-ED005241ED8E}.Release|x64.Build.0 = Release|Any CPU
		{F8D58F45-C23B-4FAA-946A-ED005241ED8E}.Release|x86.ActiveCfg = Release|Any CPU
		{F8D58F45-C23B-4FAA-946A-ED005241ED8E}.Release|x86.Build.0 = Release|Any CPU
	EndGlobalSection
	GlobalSection(SolutionProperties) = preSolution
		HideSolutionNode = FALSE
	EndGlobalSection
	GlobalSection(ExtensibilityGlobals) = postSolution
		SolutionGuid = {42119A77-9A6C-40D6-9A79-7956408CDA0F}
	EndGlobalSection
EndGlobal
